dependencies:
- name: opensearch
  repository: https://opensearch-project.github.io/helm-charts/
  version: 3.6.0
- name: cloudnative-pg
  repository: https://cloudnative-pg.github.io/charts
  version: 0.28.0
digest: sha256:02819abf5c031f5a3cc265b67bdcef1c691a463e83f235ade78da43534640d94
generated: "2026-04-18T13:25:01.269718486Z"
