dependencies:
- name: opensearch
  repository: https://opensearch-project.github.io/helm-charts/
  version: 3.6.0
- name: cloudnative-pg
  repository: https://cloudnative-pg.github.io/charts
  version: 0.28.2
digest: sha256:dd6845697d9d4889c2d01e48d7928ca2a9a041e451be3324894fa7c3d805e3e0
generated: "2026-05-22T18:55:19.032195981Z"
