dependencies:
- name: opensearch
  repository: https://opensearch-project.github.io/helm-charts/
  version: 3.6.0
- name: cloudnative-pg
  repository: https://cloudnative-pg.github.io/charts
  version: 0.28.0
digest: sha256:4e9eacf8b0f783f44e07aa80d6f19de60009539f572f0cc45e282fd2ccba5df0
generated: "2026-04-18T13:23:25.748050943Z"
